
Microsoft Visual Studio Solution File, Format Version 10.00
# Visual Studio 2008
Project("{FAE04EC0-301F-11D3-BF4B-00C04F79EFBC}") = "ThreadLibrary", "ThreadLibrary\ThreadLibrary.csproj", "{5B32AB91-1847-4A3C-862F-53FFFAE10422}"
EndProject
Global
	GlobalSection(SolutionConfigurationPlatforms) = preSolution
		Debug|Any CPU = Debug|Any CPU
		Release|Any CPU = Release|Any CPU
	EndGlobalSection
	GlobalSection(ProjectConfigurationPlatforms) = postSolution
		{5B32AB91-1847-4A3C-862F-53FFFAE10422}.Debug|Any CPU.ActiveCfg = Debug|Any CPU
		{5B32AB91-1847-4A3C-862F-53FFFAE10422}.Debug|Any CPU.Build.0 = Debug|Any CPU
		{5B32AB91-1847-4A3C-862F-53FFFAE10422}.Release|Any CPU.ActiveCfg = Release|Any CPU
		{5B32AB91-1847-4A3C-862F-53FFFAE10422}.Release|Any CPU.Build.0 = Release|Any CPU
	EndGlobalSection
	GlobalSection(SolutionProperties) = preSolution
		HideSolutionNode = FALSE
	EndGlobalSection
EndGlobal
